
Microsoft Visual Studio Solution File, Format Version 12.00
# Visual Studio 15
VisualStudioVersion = 15.0.28010.2003
MinimumVisualStudioVersion = 10.0.40219.1
Project("{8BC9CEB8-8B4A-11D0-8D11-00A0C91BC942}") = "ex_3_1", "ex_3_1\ex_3_1.vcxproj", "{0B3CA195-998B-4145-A872-E1B5F814BC6E}"
EndProject
Project("{8BC9CEB8-8B4A-11D0-8D11-00A0C91BC942}") = "ex_3_2", "ex_3_2\ex_3_2.vcxproj", "{7D06D066-3610-4259-A904-A062C679B274}"
EndProject
Project("{8BC9CEB8-8B4A-11D0-8D11-00A0C91BC942}") = "ex_3_4", "ex_3_4\ex_3_4.vcxproj", "{70E8ABD7-9BB6-45D8-94BF-32390639AB21}"
EndProject
Project("{8BC9CEB8-8B4A-11D0-8D11-00A0C91BC942}") = "ex_3_3", "ex_3_3\ex_3_3.vcxproj", "{A70D2D0F-53AA-40E9-9F14-145DA5CCADCD}"
EndProject
Global
	GlobalSection(SolutionConfigurationPlatforms) = preSolution
		Debug|x64 = Debug|x64
		Debug|x86 = Debug|x86
		Release|x64 = Release|x64
		Release|x86 = Release|x86
	EndGlobalSection
	GlobalSection(ProjectConfigurationPlatforms) = postSolution
		{0B3CA195-998B-4145-A872-E1B5F814BC6E}.Debug|x64.ActiveCfg = Debug|x64
		{0B3CA195-998B-4145-A872-E1B5F814BC6E}.Debug|x64.Build.0 = Debug|x64
		{0B3CA195-998B-4145-A872-E1B5F814BC6E}.Debug|x86.ActiveCfg = Debug|Win32
		{0B3CA195-998B-4145-A872-E1B5F814BC6E}.Debug|x86.Build.0 = Debug|Win32
		{0B3CA195-998B-4145-A872-E1B5F814BC6E}.Release|x64.ActiveCfg = Release|x64
		{0B3CA195-998B-4145-A872-E1B5F814BC6E}.Release|x64.Build.0 = Release|x64
		{0B3CA195-998B-4145-A872-E1B5F814BC6E}.Release|x86.ActiveCfg = Release|Win32
		{0B3CA195-998B-4145-A872-E1B5F814BC6E}.Release|x86.Build.0 = Release|Win32
		{7D06D066-3610-4259-A904-A062C679B274}.Debug|x64.ActiveCfg = Debug|x64
		{7D06D066-3610-4259-A904-A062C679B274}.Debug|x64.Build.0 = Debug|x64
		{7D06D066-3610-4259-A904-A062C679B274}.Debug|x86.ActiveCfg = Debug|Win32
		{7D06D066-3610-4259-A904-A062C679B274}.Debug|x86.Build.0 = Debug|Win32
		{7D06D066-3610-4259-A904-A062C679B274}.Release|x64.ActiveCfg = Release|x64
		{7D06D066-3610-4259-A904-A062C679B274}.Release|x64.Build.0 = Release|x64
		{7D06D066-3610-4259-A904-A062C679B274}.Release|x86.ActiveCfg = Release|Win32
		{7D06D066-3610-4259-A904-A062C679B274}.Release|x86.Build.0 = Release|Win32
	EndGlobalSection
	GlobalSection(SolutionProperties) = preSolution
		HideSolutionNode = FALSE
	EndGlobalSection
	GlobalSection(ExtensibilityGlobals) = postSolution
		SolutionGuid = {7489549E-0F0F-4076-9023-AD02508AAC2F}
	EndGlobalSection
EndGlobal
